
Microsoft Visual Studio Solution File, Format Version 12.00
# Visual Studio Version 16
VisualStudioVersion = 16.0.30413.136
MinimumVisualStudioVersion = 10.0.40219.1
Project("{FAE04EC0-301F-11D3-BF4B-00C04F79EFBC}") = "WebData", "WebData.csproj", "{FF131944-E100-45C9-92B3-E98012E447D2}"
EndProject
Project("{FAE04EC0-301F-11D3-BF4B-00C04F79EFBC}") = "WebConsole", "..\WebConsole\WebConsole.csproj", "{A6F5BE61-2C15-4C26-AFBC-30D2EC2EF571}"
EndProject
Global
	GlobalSection(SolutionConfigurationPlatforms) = preSolution
		Debug|Any CPU = Debug|Any CPU
		Release|Any CPU = Release|Any CPU
	EndGlobalSection
	GlobalSection(ProjectConfigurationPlatforms) = postSolution
		{FF131944-E100-45C9-92B3-E98012E447D2}.Debug|Any CPU.ActiveCfg = Debug|Any CPU
		{FF131944-E100-45C9-92B3-E98012E447D2}.Debug|Any CPU.Build.0 = Debug|Any CPU
		{FF131944-E100-45C9-92B3-E98012E447D2}.Release|Any CPU.ActiveCfg = Release|Any CPU
		{FF131944-E100-45C9-92B3-E98012E447D2}.Release|Any CPU.Build.0 = Release|Any CPU
		{A6F5BE61-2C15-4C26-AFBC-30D2EC2EF571}.Debug|Any CPU.ActiveCfg = Debug|Any CPU
		{A6F5BE61-2C15-4C26-AFBC-30D2EC2EF571}.Debug|Any CPU.Build.0 = Debug|Any CPU
		{A6F5BE61-2C15-4C26-AFBC-30D2EC2EF571}.Release|Any CPU.ActiveCfg = Release|Any CPU
		{A6F5BE61-2C15-4C26-AFBC-30D2EC2EF571}.Release|Any CPU.Build.0 = Release|Any CPU
	EndGlobalSection
	GlobalSection(SolutionProperties) = preSolution
		HideSolutionNode = FALSE
	EndGlobalSection
	GlobalSection(ExtensibilityGlobals) = postSolution
		SolutionGuid = {B8B6A6CD-3EB6-4A49-8798-F7BEB5CA32C8}
	EndGlobalSection
EndGlobal
